
Microsoft Visual Studio Solution File, Format Version 12.00
# Visual Studio 2015
Project("{FAE04EC0-301F-11D3-BF4B-00C04F79EFBC}") = "ForceFury_Unity5.CSharp", "ForceFury_Unity5.CSharp.csproj", "{523B872A-A120-6496-6754-A898848E9F25}"
EndProject
Project("{FAE04EC0-301F-11D3-BF4B-00C04F79EFBC}") = "ForceFury_Unity5.CSharp.Editor", "ForceFury_Unity5.CSharp.Editor.csproj", "{37F4D704-6DC4-D850-29F7-DD2E038D93ED}"
EndProject
Global
	GlobalSection(SolutionConfigurationPlatforms) = preSolution
		Debug|Any CPU = Debug|Any CPU
		Release|Any CPU = Release|Any CPU
	EndGlobalSection
	GlobalSection(ProjectConfigurationPlatforms) = postSolution
		{523B872A-A120-6496-6754-A898848E9F25}.Debug|Any CPU.ActiveCfg = Debug|Any CPU
		{523B872A-A120-6496-6754-A898848E9F25}.Debug|Any CPU.Build.0 = Debug|Any CPU
		{523B872A-A120-6496-6754-A898848E9F25}.Release|Any CPU.ActiveCfg = Release|Any CPU
		{523B872A-A120-6496-6754-A898848E9F25}.Release|Any CPU.Build.0 = Release|Any CPU
		{37F4D704-6DC4-D850-29F7-DD2E038D93ED}.Debug|Any CPU.ActiveCfg = Debug|Any CPU
		{37F4D704-6DC4-D850-29F7-DD2E038D93ED}.Debug|Any CPU.Build.0 = Debug|Any CPU
		{37F4D704-6DC4-D850-29F7-DD2E038D93ED}.Release|Any CPU.ActiveCfg = Release|Any CPU
		{37F4D704-6DC4-D850-29F7-DD2E038D93ED}.Release|Any CPU.Build.0 = Release|Any CPU
	EndGlobalSection
	GlobalSection(SolutionProperties) = preSolution
		HideSolutionNode = FALSE
	EndGlobalSection
EndGlobal
