Microsoft Visual Studio Solution File, Format Version 11.00
# Visual Studio 2008

Project("{00E2F398-C2F6-2573-2971-EF866A37B221}") = "ForceFury_Unity5", "Assembly-CSharp.csproj", "{719CB377-EAA2-DFD7-7F76-BBB9574F6155}"
EndProject
Project("{00E2F398-C2F6-2573-2971-EF866A37B221}") = "ForceFury_Unity5", "Assembly-CSharp-Editor.csproj", "{AC73C4FB-597A-165D-170D-976A69204AF6}"
EndProject
Global
	GlobalSection(SolutionConfigurationPlatforms) = preSolution
		Debug|Any CPU = Debug|Any CPU
		Release|Any CPU = Release|Any CPU
	EndGlobalSection
	GlobalSection(ProjectConfigurationPlatforms) = postSolution
		{719CB377-EAA2-DFD7-7F76-BBB9574F6155}.Debug|Any CPU.ActiveCfg = Debug|Any CPU
		{719CB377-EAA2-DFD7-7F76-BBB9574F6155}.Debug|Any CPU.Build.0 = Debug|Any CPU
		{719CB377-EAA2-DFD7-7F76-BBB9574F6155}.Release|Any CPU.ActiveCfg = Release|Any CPU
		{719CB377-EAA2-DFD7-7F76-BBB9574F6155}.Release|Any CPU.Build.0 = Release|Any CPU
		{AC73C4FB-597A-165D-170D-976A69204AF6}.Debug|Any CPU.ActiveCfg = Debug|Any CPU
		{AC73C4FB-597A-165D-170D-976A69204AF6}.Debug|Any CPU.Build.0 = Debug|Any CPU
		{AC73C4FB-597A-165D-170D-976A69204AF6}.Release|Any CPU.ActiveCfg = Release|Any CPU
		{AC73C4FB-597A-165D-170D-976A69204AF6}.Release|Any CPU.Build.0 = Release|Any CPU
	EndGlobalSection
	GlobalSection(SolutionProperties) = preSolution
		HideSolutionNode = FALSE
	EndGlobalSection
	GlobalSection(MonoDevelopProperties) = preSolution
		StartupItem = Assembly-CSharp.csproj
	EndGlobalSection
EndGlobal
